// !$*UTF8*$!
{
	archiveVersion = 1;
	classes = {
	};
	objectVersion = 56;
	objects = {

/* Begin PBXBuildFile section */
		A0AFC2F52B93E4E70004D0E0 /* AppDelegate.swift in Sources */ = {isa = PBXBuildFile; fileRef = A0AFC2F42B93E4E70004D0E0 /* AppDelegate.swift */; };
		A0AFC2F72B93E4E70004D0E0 /* SceneDelegate.swift in Sources */ = {isa = PBXBuildFile; fileRef = A0AFC2F62B93E4E70004D0E0 /* SceneDelegate.swift */; };
		A0AFC2F92B93E4E70004D0E0 /* ViewController.swift in Sources */ = {isa = PBXBuildFile; fileRef = A0AFC2F82B93E4E70004D0E0 /* ViewController.swift */; };
		A0AFC2FC2B93E4E70004D0E0 /* Main.storyboard in Resources */ = {isa = PBXBuildFile; fileRef = A0AFC2FA2B93E4E70004D0E0 /* Main.storyboard */; };
		A0AFC2FE2B93E4E80004D0E0 /* Assets.xcassets in Resources */ = {isa = PBXBuildFile; fileRef = A0AFC2FD2B93E4E80004D0E0 /* Assets.xcassets */; };
		A0AFC3012B93E4E80004D0E0 /* LaunchScreen.storyboard in Resources */ = {isa = PBXBuildFile; fileRef = A0AFC2FF2B93E4E80004D0E0 /* LaunchScreen.storyboard */; };
		A0AFC30C2B93E4E80004D0E0 /* AmazonaTests.swift in Sources */ = {isa = PBXBuildFile; fileRef = A0AFC30B2B93E4E80004D0E0 /* AmazonaTests.swift */; };
		A0AFC3162B93E4E80004D0E0 /* AmazonaUITests.swift in Sources */ = {isa = PBXBuildFile; fileRef = A0AFC3152B93E4E80004D0E0 /* AmazonaUITests.swift */; };
		A0AFC3182B93E4E80004D0E0 /* AmazonaUITestsLaunchTests.swift in Sources */ = {isa = PBXBuildFile; fileRef = A0AFC3172B93E4E80004D0E0 /* AmazonaUITestsLaunchTests.swift */; };
/* End PBXBuildFile section */

/* Begin PBXContainerItemProxy section */
		A0AFC3082B93E4E80004D0E0 /* PBXContainerItemProxy */ = {
			isa = PBXContainerItemProxy;
			containerPortal = A0AFC2E92B93E4E70004D0E0 /* Project object */;
			proxyType = 1;
			remoteGlobalIDString = A0AFC2F02B93E4E70004D0E0;
			remoteInfo = Amazona;
		};
		A0AFC3122B93E4E80004D0E0 /* PBXContainerItemProxy */ = {
			isa = PBXContainerItemProxy;
			containerPortal = A0AFC2E92B93E4E70004D0E0 /* Project object */;
			proxyType = 1;
			remoteGlobalIDString = A0AFC2F02B93E4E70004D0E0;
			remoteInfo = Amazona;
		};
/* End PBXContainerItemProxy section */

/* Begin PBXFileReference section */
		A0AFC2F12B93E4E70004D0E0 /* Amazona.app */ = {isa = PBXFileReference; explicitFileType = wrapper.application; includeInIndex = 0; path = Amazona.app; sourceTree = BUILT_PRODUCTS_DIR; };
		A0AFC2F42B93E4E70004D0E0 /* AppDelegate.swift */ = {isa = PBXFileReference; lastKnownFileType = sourcecode.swift; path = AppDelegate.swift; sourceTree = "<group>"; };
		A0AFC2F62B93E4E70004D0E0 /* SceneDelegate.swift */ = {isa = PBXFileReference; lastKnownFileType = sourcecode.swift; path = SceneDelegate.swift; sourceTree = "<group>"; };
		A0AFC2F82B93E4E70004D0E0 /* ViewController.swift */ = {isa = PBXFileReference; lastKnownFileType = sourcecode.swift; path = ViewController.swift; sourceTree = "<group>"; };
		A0AFC2FB2B93E4E70004D0E0 /* Base */ = {isa = PBXFileReference; lastKnownFileType = file.storyboard; name = Base; path = Base.lproj/Main.storyboard; sourceTree = "<group>"; };
		A0AFC2FD2B93E4E80004D0E0 /* Assets.xcassets */ = {isa = PBXFileReference; lastKnownFileType = folder.assetcatalog; path = Assets.xcassets; sourceTree = "<group>"; };
		A0AFC3002B93E4E80004D0E0 /* Base */ = {isa = PBXFileReference; lastKnownFileType = file.storyboard; name = Base; path = Base.lproj/LaunchScreen.storyboard; sourceTree = "<group>"; };
		A0AFC3022B93E4E80004D0E0 /* Info.plist */ = {isa = PBXFileReference; lastKnownFileType = text.plist.xml; path = Info.plist; sourceTree = "<group>"; };
		A0AFC3072B93E4E80004D0E0 /* AmazonaTests.xctest */ = {isa = PBXFileReference; explicitFileType = wrapper.cfbundle; includeInIndex = 0; path = AmazonaTests.xctest; sourceTree = BUILT_PRODUCTS_DIR; };
		A0AFC30B2B93E4E80004D0E0 /* AmazonaTests.swift */ = {isa = PBXFileReference; lastKnownFileType = sourcecode.swift; path = AmazonaTests.swift; sourceTree = "<group>"; };
		A0AFC3112B93E4E80004D0E0 /* AmazonaUITests.xctest */ = {isa = PBXFileReference; explicitFileType = wrapper.cfbundle; includeInIndex = 0; path = AmazonaUITests.xctest; sourceTree = BUILT_PRODUCTS_DIR; };
		A0AFC3152B93E4E80004D0E0 /* AmazonaUITests.swift */ = {isa = PBXFileReference; lastKnownFileType = sourcecode.swift; path = AmazonaUITests.swift; sourceTree = "<group>"; };
		A0AFC3172B93E4E80004D0E0 /* AmazonaUITestsLaunchTests.swift */ = {isa = PBXFileReference; lastKnownFileType = sourcecode.swift; path = AmazonaUITestsLaunchTests.swift; sourceTree = "<group>"; };
/* End PBXFileReference section */

/* Begin PBXFrameworksBuildPhase section */
		A0AFC2EE2B93E4E70004D0E0 /* Frameworks */ = {
			isa = PBXFrameworksBuildPhase;
			buildActionMask = 2147483647;
			files = (
			);
			runOnlyForDeploymentPostprocessing = 0;
		};
		A0AFC3042B93E4E80004D0E0 /* Frameworks */ = {
			isa = PBXFrameworksBuildPhase;
			buildActionMask = 2147483647;
			files = (
			);
			runOnlyForDeploymentPostprocessing = 0;
		};
		A0AFC30E2B93E4E80004D0E0 /* Frameworks */ = {
			isa = PBXFrameworksBuildPhase;
			buildActionMask = 2147483647;
			files = (
			);
			runOnlyForDeploymentPostprocessing = 0;
		};
/* End PBXFrameworksBuildPhase section */

/* Begin PBXGroup section */
		A0AFC2E82B93E4E70004D0E0 = {
			isa = PBXGroup;
			children = (
				A0AFC2F32B93E4E70004D0E0 /* Amazona */,
				A0AFC30A2B93E4E80004D0E0 /* AmazonaTests */,
				A0AFC3142B93E4E80004D0E0 /* AmazonaUITests */,
				A0AFC2F22B93E4E70004D0E0 /* Products */,
			);
			sourceTree = "<group>";
		};
		A0AFC2F22B93E4E70004D0E0 /* Products */ = {
			isa = PBXGroup;
			children = (
				A0AFC2F12B93E4E70004D0E0 /* Amazona.app */,
				A0AFC3072B93E4E80004D0E0 /* AmazonaTests.xctest */,
				A0AFC3112B93E4E80004D0E0 /* AmazonaUITests.xctest */,
			);
			name = Products;
			sourceTree = "<group>";
		};
		A0AFC2F32B93E4E70004D0E0 /* Amazona */ = {
			isa = PBXGroup;
			children = (
				A0AFC2F42B93E4E70004D0E0 /* AppDelegate.swift */,
				A0AFC2F62B93E4E70004D0E0 /* SceneDelegate.swift */,
				A0AFC2F82B93E4E70004D0E0 /* ViewController.swift */,
				A0AFC2FA2B93E4E70004D0E0 /* Main.storyboard */,
				A0AFC2FD2B93E4E80004D0E0 /* Assets.xcassets */,
				A0AFC2FF2B93E4E80004D0E0 /* LaunchScreen.storyboard */,
				A0AFC3022B93E4E80004D0E0 /* Info.plist */,
			);
			path = Amazona;
			sourceTree = "<group>";
		};
		A0AFC30A2B93E4E80004D0E0 /* AmazonaTests */ = {
			isa = PBXGroup;
			children = (
				A0AFC30B2B93E4E80004D0E0 /* AmazonaTests.swift */,
			);
			path = AmazonaTests;
			sourceTree = "<group>";
		};
		A0AFC3142B93E4E80004D0E0 /* AmazonaUITests */ = {
			isa = PBXGroup;
			children = (
				A0AFC3152B93E4E80004D0E0 /* AmazonaUITests.swift */,
				A0AFC3172B93E4E80004D0E0 /* AmazonaUITestsLaunchTests.swift */,
			);
			path = AmazonaUITests;
			sourceTree = "<group>";
		};
/* End PBXGroup section */

/* Begin PBXNativeTarget section */
		A0AFC2F02B93E4E70004D0E0 /* Amazona */ = {
			isa = PBXNativeTarget;
			buildConfigurationList = A0AFC31B2B93E4E80004D0E0 /* Build configuration list for PBXNativeTarget "Amazona" */;
			buildPhases = (
				A0AFC2ED2B93E4E70004D0E0 /* Sources */,
				A0AFC2EE2B93E4E70004D0E0 /* Frameworks */,
				A0AFC2EF2B93E4E70004D0E0 /* Resources */,
			);
			buildRules = (
			);
			dependencies = (
			);
			name = Amazona;
			productName = Amazona;
			productReference = A0AFC2F12B93E4E70004D0E0 /* Amazona.app */;
			productType = "com.apple.product-type.application";
		};
		A0AFC3062B93E4E80004D0E0 /* AmazonaTests */ = {
			isa = PBXNativeTarget;
			buildConfigurationList = A0AFC31E2B93E4E80004D0E0 /* Build configuration list for PBXNativeTarget "AmazonaTests" */;
			buildPhases = (
				A0AFC3032B93E4E80004D0E0 /* Sources */,
				A0AFC3042B93E4E80004D0E0 /* Frameworks */,
				A0AFC3052B93E4E80004D0E0 /* Resources */,
			);
			buildRules = (
			);
			dependencies = (
				A0AFC3092B93E4E80004D0E0 /* PBXTargetDependency */,
			);
			name = AmazonaTests;
			productName = AmazonaTests;
			productReference = A0AFC3072B93E4E80004D0E0 /* AmazonaTests.xctest */;
			productType = "com.apple.product-type.bundle.unit-test";
		};
		A0AFC3102B93E4E80004D0E0 /* AmazonaUITests */ = {
			isa = PBXNativeTarget;
			buildConfigurationList = A0AFC3212B93E4E80004D0E0 /* Build configuration list for PBXNativeTarget "AmazonaUITests" */;
			buildPhases = (
				A0AFC30D2B93E4E80004D0E0 /* Sources */,
				A0AFC30E2B93E4E80004D0E0 /* Frameworks */,
				A0AFC30F2B93E4E80004D0E0 /* Resources */,
			);
			buildRules = (
			);
			dependencies = (
				A0AFC3132B93E4E80004D0E0 /* PBXTargetDependency */,
			);
			name = AmazonaUITests;
			productName = AmazonaUITests;
			productReference = A0AFC3112B93E4E80004D0E0 /* AmazonaUITests.xctest */;
			productType = "com.apple.product-type.bundle.ui-testing";
		};
/* End PBXNativeTarget section */

/* Begin PBXProject section */
		A0AFC2E92B93E4E70004D0E0 /* Project object */ = {
			isa = PBXProject;
			attributes = {
				BuildIndependentTargetsInParallel = 1;
				LastSwiftUpdateCheck = 1520;
				LastUpgradeCheck = 1520;
				TargetAttributes = {
					A0AFC2F02B93E4E70004D0E0 = {
						CreatedOnToolsVersion = 15.2;
					};
					A0AFC3062B93E4E80004D0E0 = {
						CreatedOnToolsVersion = 15.2;
						TestTargetID = A0AFC2F02B93E4E70004D0E0;
					};
					A0AFC3102B93E4E80004D0E0 = {
						CreatedOnToolsVersion = 15.2;
						TestTargetID = A0AFC2F02B93E4E70004D0E0;
					};
				};
			};
			buildConfigurationList = A0AFC2EC2B93E4E70004D0E0 /* Build configuration list for PBXProject "Amazona" */;
			compatibilityVersion = "Xcode 14.0";
			developmentRegion = en;
			hasScannedForEncodings = 0;
			knownRegions = (
				en,
				Base,
			);
			mainGroup = A0AFC2E82B93E4E70004D0E0;
			productRefGroup = A0AFC2F22B93E4E70004D0E0 /* Products */;
			projectDirPath = "";
			projectRoot = "";
			targets = (
				A0AFC2F02B93E4E70004D0E0 /* Amazona */,
				A0AFC3062B93E4E80004D0E0 /* AmazonaTests */,
				A0AFC3102B93E4E80004D0E0 /* AmazonaUITests */,
			);
		};
/* End PBXProject section */

/* Begin PBXResourcesBuildPhase section */
		A0AFC2EF2B93E4E70004D0E0 /* Resources */ = {
			isa = PBXResourcesBuildPhase;
			buildActionMask = 2147483647;
			files = (
				A0AFC3012B93E4E80004D0E0 /* LaunchScreen.storyboard in Resources */,
				A0AFC2FE2B93E4E80004D0E0 /* Assets.xcassets in Resources */,
				A0AFC2FC2B93E4E70004D0E0 /* Main.storyboard in Resources */,
			);
			runOnlyForDeploymentPostprocessing = 0;
		};
		A0AFC3052B93E4E80004D0E0 /* Resources */ = {
			isa = PBXResourcesBuildPhase;
			buildActionMask = 2147483647;
			files = (
			);
			runOnlyForDeploymentPostprocessing = 0;
		};
		A0AFC30F2B93E4E80004D0E0 /* Resources */ = {
			isa = PBXResourcesBuildPhase;
			buildActionMask = 2147483647;
			files = (
			);
			runOnlyForDeploymentPostprocessing = 0;
		};
/* End PBXResourcesBuildPhase section */

/* Begin PBXSourcesBuildPhase section */
		A0AFC2ED2B93E4E70004D0E0 /* Sources */ = {
			isa = PBXSourcesBuildPhase;
			buildActionMask = 2147483647;
			files = (
				A0AFC2F92B93E4E70004D0E0 /* ViewController.swift in Sources */,
				A0AFC2F52B93E4E70004D0E0 /* AppDelegate.swift in Sources */,
				A0AFC2F72B93E4E70004D0E0 /* SceneDelegate.swift in Sources */,
			);
			runOnlyForDeploymentPostprocessing = 0;
		};
		A0AFC3032B93E4E80004D0E0 /* Sources */ = {
			isa = PBXSourcesBuildPhase;
			buildActionMask = 2147483647;
			files = (
				A0AFC30C2B93E4E80004D0E0 /* AmazonaTests.swift in Sources */,
			);
			runOnlyForDeploymentPostprocessing = 0;
		};
		A0AFC30D2B93E4E80004D0E0 /* Sources */ = {
			isa = PBXSourcesBuildPhase;
			buildActionMask = 2147483647;
			files = (
				A0AFC3182B93E4E80004D0E0 /* AmazonaUITestsLaunchTests.swift in Sources */,
				A0AFC3162B93E4E80004D0E0 /* AmazonaUITests.swift in Sources */,
			);
			runOnlyForDeploymentPostprocessing = 0;
		};
/* End PBXSourcesBuildPhase section */

/* Begin PBXTargetDependency section */
		A0AFC3092B93E4E80004D0E0 /* PBXTargetDependency */ = {
			isa = PBXTargetDependency;
			target = A0AFC2F02B93E4E70004D0E0 /* Amazona */;
			targetProxy = A0AFC3082B93E4E80004D0E0 /* PBXContainerItemProxy */;
		};
		A0AFC3132B93E4E80004D0E0 /* PBXTargetDependency */ = {
			isa = PBXTargetDependency;
			target = A0AFC2F02B93E4E70004D0E0 /* Amazona */;
			targetProxy = A0AFC3122B93E4E80004D0E0 /* PBXContainerItemProxy */;
		};
/* End PBXTargetDependency section */

/* Begin PBXVariantGroup section */
		A0AFC2FA2B93E4E70004D0E0 /* Main.storyboard */ = {
			isa = PBXVariantGroup;
			children = (
				A0AFC2FB2B93E4E70004D0E0 /* Base */,
			);
			name = Main.storyboard;
			sourceTree = "<group>";
		};
		A0AFC2FF2B93E4E80004D0E0 /* LaunchScreen.storyboard */ = {
			isa = PBXVariantGroup;
			children = (
				A0AFC3002B93E4E80004D0E0 /* Base */,
			);
			name = LaunchScreen.storyboard;
			sourceTree = "<group>";
		};
/* End PBXVariantGroup section */

/* Begin XCBuildConfiguration section */
		A0AFC3192B93E4E80004D0E0 /* Debug */ = {
			isa = XCBuildConfiguration;
			buildSettings = {
				ALWAYS_SEARCH_USER_PATHS = NO;
				ASSETCATALOG_COMPILER_GENERATE_SWIFT_ASSET_SYMBOL_EXTENSIONS = YES;
				CLANG_ANALYZER_NONNULL = YES;
				CLANG_ANALYZER_NUMBER_OBJECT_CONVERSION = YES_AGGRESSIVE;
				CLANG_CXX_LANGUAGE_STANDARD = "gnu++20";
				CLANG_ENABLE_MODULES = YES;
				CLANG_ENABLE_OBJC_ARC = YES;
				CLANG_ENABLE_OBJC_WEAK = YES;
				CLANG_WARN_BLOCK_CAPTURE_AUTORELEASING = YES;
				CLANG_WARN_BOOL_CONVERSION = YES;
				CLANG_WARN_COMMA = YES;
				CLANG_WARN_CONSTANT_CONVERSION = YES;
				CLANG_WARN_DEPRECATED_OBJC_IMPLEMENTATIONS = YES;
				CLANG_WARN_DIRECT_OBJC_ISA_USAGE = YES_ERROR;
				CLANG_WARN_DOCUMENTATION_COMMENTS = YES;
				CLANG_WARN_EMPTY_BODY = YES;
				CLANG_WARN_ENUM_CONVERSION = YES;
				CLANG_WARN_INFINITE_RECURSION = YES;
				CLANG_WARN_INT_CONVERSION = YES;
				CLANG_WARN_NON_LITERAL_NULL_CONVERSION = YES;
				CLANG_WARN_OBJC_IMPLICIT_RETAIN_SELF = YES;
				CLANG_WARN_OBJC_LITERAL_CONVERSION = YES;
				CLANG_WARN_OBJC_ROOT_CLASS = YES_ERROR;
				CLANG_WARN_QUOTED_INCLUDE_IN_FRAMEWORK_HEADER = YES;
				CLANG_WARN_RANGE_LOOP_ANALYSIS = YES;
				CLANG_WARN_STRICT_PROTOTYPES = YES;
				CLANG_WARN_SUSPICIOUS_MOVE = YES;
				CLANG_WARN_UNGUARDED_AVAILABILITY = YES_AGGRESSIVE;
				CLANG_WARN_UNREACHABLE_CODE = YES;
				CLANG_WARN__DUPLICATE_METHOD_MATCH = YES;
				COPY_PHASE_STRIP = NO;
				DEBUG_INFORMATION_FORMAT = dwarf;
				ENABLE_STRICT_OBJC_MSGSEND = YES;
				ENABLE_TESTABILITY = YES;
				ENABLE_USER_SCRIPT_SANDBOXING = YES;
				GCC_C_LANGUAGE_STANDARD = gnu17;
				GCC_DYNAMIC_NO_PIC = NO;
				GCC_NO_COMMON_BLOCKS = YES;
				GCC_OPTIMIZATION_LEVEL = 0;
				GCC_PREPROCESSOR_DEFINITIONS = (
					"DEBUG=1",
					"$(inherited)",
				);
				GCC_WARN_64_TO_32_BIT_CONVERSION = YES;
				GCC_WARN_ABOUT_RETURN_TYPE = YES_ERROR;
				GCC_WARN_UNDECLARED_SELECTOR = YES;
				GCC_WARN_UNINITIALIZED_AUTOS = YES_AGGRESSIVE;
				GCC_WARN_UNUSED_FUNCTION = YES;
				GCC_WARN_UNUSED_VARIABLE = YES;
				IPHONEOS_DEPLOYMENT_TARGET = 17.2;
				LOCALIZATION_PREFERS_STRING_CATALOGS = YES;
				MTL_ENABLE_DEBUG_INFO = INCLUDE_SOURCE;
				MTL_FAST_MATH = YES;
				ONLY_ACTIVE_ARCH = YES;
				SDKROOT = iphoneos;
				SWIFT_ACTIVE_COMPILATION_CONDITIONS = "DEBUG $(inherited)";
				SWIFT_OPTIMIZATION_LEVEL = "-Onone";
			};
			name = Debug;
		};
		A0AFC31A2B93E4E80004D0E0 /* Release */ = {
			isa = XCBuildConfiguration;
			buildSettings = {
				ALWAYS_SEARCH_USER_PATHS = NO;
				ASSETCATALOG_COMPILER_GENERATE_SWIFT_ASSET_SYMBOL_EXTENSIONS = YES;
				CLANG_ANALYZER_NONNULL = YES;
				CLANG_ANALYZER_NUMBER_OBJECT_CONVERSION = YES_AGGRESSIVE;
				CLANG_CXX_LANGUAGE_STANDARD = "gnu++20";
				CLANG_ENABLE_MODULES = YES;
				CLANG_ENABLE_OBJC_ARC = YES;
				CLANG_ENABLE_OBJC_WEAK = YES;
				CLANG_WARN_BLOCK_CAPTURE_AUTORELEASING = YES;
				CLANG_WARN_BOOL_CONVERSION = YES;
				CLANG_WARN_COMMA = YES;
				CLANG_WARN_CONSTANT_CONVERSION = YES;
				CLANG_WARN_DEPRECATED_OBJC_IMPLEMENTATIONS = YES;
				CLANG_WARN_DIRECT_OBJC_ISA_USAGE = YES_ERROR;
				CLANG_WARN_DOCUMENTATION_COMMENTS = YES;
				CLANG_WARN_EMPTY_BODY = YES;
				CLANG_WARN_ENUM_CONVERSION = YES;
				CLANG_WARN_INFINITE_RECURSION = YES;
				CLANG_WARN_INT_CONVERSION = YES;
				CLANG_WARN_NON_LITERAL_NULL_CONVERSION = YES;
				CLANG_WARN_OBJC_IMPLICIT_RETAIN_SELF = YES;
				CLANG_WARN_OBJC_LITERAL_CONVERSION = YES;
				CLANG_WARN_OBJC_ROOT_CLASS = YES_ERROR;
				CLANG_WARN_QUOTED_INCLUDE_IN_FRAMEWORK_HEADER = YES;
				CLANG_WARN_RANGE_LOOP_ANALYSIS = YES;
				CLANG_WARN_STRICT_PROTOTYPES = YES;
				CLANG_WARN_SUSPICIOUS_MOVE = YES;
				CLANG_WARN_UNGUARDED_AVAILABILITY = YES_AGGRESSIVE;
				CLANG_WARN_UNREACHABLE_CODE = YES;
				CLANG_WARN__DUPLICATE_METHOD_MATCH = YES;
				COPY_PHASE_STRIP = NO;
				DEBUG_INFORMATION_FORMAT = "dwarf-with-dsym";
				ENABLE_NS_ASSERTIONS = NO;
				ENABLE_STRICT_OBJC_MSGSEND = YES;
				ENABLE_USER_SCRIPT_SANDBOXING = YES;
				GCC_C_LANGUAGE_STANDARD = gnu17;
				GCC_NO_COMMON_BLOCKS = YES;
				GCC_WARN_64_TO_32_BIT_CONVERSION = YES;
				GCC_WARN_ABOUT_RETURN_TYPE = YES_ERROR;
				GCC_WARN_UNDECLARED_SELECTOR = YES;
				GCC_WARN_UNINITIALIZED_AUTOS = YES_AGGRESSIVE;
				GCC_WARN_UNUSED_FUNCTION = YES;
				GCC_WARN_UNUSED_VARIABLE = YES;
				IPHONEOS_DEPLOYMENT_TARGET = 17.2;
				LOCALIZATION_PREFERS_STRING_CATALOGS = YES;
				MTL_ENABLE_DEBUG_INFO = NO;
				MTL_FAST_MATH = YES;
				SDKROOT = iphoneos;
				SWIFT_COMPILATION_MODE = wholemodule;
				VALIDATE_PRODUCT = YES;
			};
			name = Release;
		};
		A0AFC31C2B93E4E80004D0E0 /* Debug */ = {
			isa = XCBuildConfiguration;
			buildSettings = {
				ASSETCATALOG_COMPILER_APPICON_NAME = AppIcon;
				ASSETCATALOG_COMPILER_GLOBAL_ACCENT_COLOR_NAME = AccentColor;
				CODE_SIGN_STYLE = Automatic;
				CURRENT_PROJECT_VERSION = 1;
				DEVELOPMENT_TEAM = QQPJJFK7FH;
				GENERATE_INFOPLIST_FILE = YES;
				INFOPLIST_FILE = Amazona/Info.plist;
				INFOPLIST_KEY_UIApplicationSupportsIndirectInputEvents = YES;
				INFOPLIST_KEY_UILaunchStoryboardName = LaunchScreen;
				INFOPLIST_KEY_UIMainStoryboardFile = Main;
				INFOPLIST_KEY_UISupportedInterfaceOrientations_iPad = "UIInterfaceOrientationPortrait UIInterfaceOrientationPortraitUpsideDown UIInterfaceOrientationLandscapeLeft UIInterfaceOrientationLandscapeRight";
				INFOPLIST_KEY_UISupportedInterfaceOrientations_iPhone = "UIInterfaceOrientationPortrait UIInterfaceOrientationLandscapeLeft UIInterfaceOrientationLandscapeRight";
				LD_RUNPATH_SEARCH_PATHS = (
					"$(inherited)",
					"@executable_path/Frameworks",
				);
				MARKETING_VERSION = 1.0;
				PRODUCT_BUNDLE_IDENTIFIER = com.gigroad.Amazona;
				PRODUCT_NAME = "$(TARGET_NAME)";
				SWIFT_EMIT_LOC_STRINGS = YES;
				SWIFT_VERSION = 5.0;
				TARGETED_DEVICE_FAMILY = "1,2";
			};
			name = Debug;
		};
		A0AFC31D2B93E4E80004D0E0 /* Release */ = {
			isa = XCBuildConfiguration;
			buildSettings = {
				ASSETCATALOG_COMPILER_APPICON_NAME = AppIcon;
				ASSETCATALOG_COMPILER_GLOBAL_ACCENT_COLOR_NAME = AccentColor;
				CODE_SIGN_STYLE = Automatic;
				CURRENT_PROJECT_VERSION = 1;
				DEVELOPMENT_TEAM = QQPJJFK7FH;
				GENERATE_INFOPLIST_FILE = YES;
				INFOPLIST_FILE = Amazona/Info.plist;
				INFOPLIST_KEY_UIApplicationSupportsIndirectInputEvents = YES;
				INFOPLIST_KEY_UILaunchStoryboardName = LaunchScreen;
				INFOPLIST_KEY_UIMainStoryboardFile = Main;
				INFOPLIST_KEY_UISupportedInterfaceOrientations_iPad = "UIInterfaceOrientationPortrait UIInterfaceOrientationPortraitUpsideDown UIInterfaceOrientationLandscapeLeft UIInterfaceOrientationLandscapeRight";
				INFOPLIST_KEY_UISupportedInterfaceOrientations_iPhone = "UIInterfaceOrientationPortrait UIInterfaceOrientationLandscapeLeft UIInterfaceOrientationLandscapeRight";
				LD_RUNPATH_SEARCH_PATHS = (
					"$(inherited)",
					"@executable_path/Frameworks",
				);
				MARKETING_VERSION = 1.0;
				PRODUCT_BUNDLE_IDENTIFIER = com.gigroad.Amazona;
				PRODUCT_NAME = "$(TARGET_NAME)";
				SWIFT_EMIT_LOC_STRINGS = YES;
				SWIFT_VERSION = 5.0;
				TARGETED_DEVICE_FAMILY = "1,2";
			};
			name = Release;
		};
		A0AFC31F2B93E4E80004D0E0 /* Debug */ = {
			isa = XCBuildConfiguration;
			buildSettings = {
				ALWAYS_EMBED_SWIFT_STANDARD_LIBRARIES = YES;
				BUNDLE_LOADER = "$(TEST_HOST)";
				CODE_SIGN_STYLE = Automatic;
				CURRENT_PROJECT_VERSION = 1;
				DEVELOPMENT_TEAM = QQPJJFK7FH;
				GENERATE_INFOPLIST_FILE = YES;
				IPHONEOS_DEPLOYMENT_TARGET = 17.2;
				MARKETING_VERSION = 1.0;
				PRODUCT_BUNDLE_IDENTIFIER = com.gigroad.AmazonaTests;
				PRODUCT_NAME = "$(TARGET_NAME)";
				SWIFT_EMIT_LOC_STRINGS = NO;
				SWIFT_VERSION = 5.0;
				TARGETED_DEVICE_FAMILY = "1,2";
				TEST_HOST = "$(BUILT_PRODUCTS_DIR)/Amazona.app/$(BUNDLE_EXECUTABLE_FOLDER_PATH)/Amazona";
			};
			name = Debug;
		};
		A0AFC3202B93E4E80004D0E0 /* Release */ = {
			isa = XCBuildConfiguration;
			buildSettings = {
				ALWAYS_EMBED_SWIFT_STANDARD_LIBRARIES = YES;
				BUNDLE_LOADER = "$(TEST_HOST)";
				CODE_SIGN_STYLE = Automatic;
				CURRENT_PROJECT_VERSION = 1;
				DEVELOPMENT_TEAM = QQPJJFK7FH;
				GENERATE_INFOPLIST_FILE = YES;
				IPHONEOS_DEPLOYMENT_TARGET = 17.2;
				MARKETING_VERSION = 1.0;
				PRODUCT_BUNDLE_IDENTIFIER = com.gigroad.AmazonaTests;
				PRODUCT_NAME = "$(TARGET_NAME)";
				SWIFT_EMIT_LOC_STRINGS = NO;
				SWIFT_VERSION = 5.0;
				TARGETED_DEVICE_FAMILY = "1,2";
				TEST_HOST = "$(BUILT_PRODUCTS_DIR)/Amazona.app/$(BUNDLE_EXECUTABLE_FOLDER_PATH)/Amazona";
			};
			name = Release;
		};
		A0AFC3222B93E4E80004D0E0 /* Debug */ = {
			isa = XCBuildConfiguration;
			buildSettings = {
				ALWAYS_EMBED_SWIFT_STANDARD_LIBRARIES = YES;
				CODE_SIGN_STYLE = Automatic;
				CURRENT_PROJECT_VERSION = 1;
				DEVELOPMENT_TEAM = QQPJJFK7FH;
				GENERATE_INFOPLIST_FILE = YES;
				MARKETING_VERSION = 1.0;
				PRODUCT_BUNDLE_IDENTIFIER = com.gigroad.AmazonaUITests;
				PRODUCT_NAME = "$(TARGET_NAME)";
				SWIFT_EMIT_LOC_STRINGS = NO;
				SWIFT_VERSION = 5.0;
				TARGETED_DEVICE_FAMILY = "1,2";
				TEST_TARGET_NAME = Amazona;
			};
			name = Debug;
		};
		A0AFC3232B93E4E80004D0E0 /* Release */ = {
			isa = XCBuildConfiguration;
			buildSettings = {
				ALWAYS_EMBED_SWIFT_STANDARD_LIBRARIES = YES;
				CODE_SIGN_STYLE = Automatic;
				CURRENT_PROJECT_VERSION = 1;
				DEVELOPMENT_TEAM = QQPJJFK7FH;
				GENERATE_INFOPLIST_FILE = YES;
				MARKETING_VERSION = 1.0;
				PRODUCT_BUNDLE_IDENTIFIER = com.gigroad.AmazonaUITests;
				PRODUCT_NAME = "$(TARGET_NAME)";
				SWIFT_EMIT_LOC_STRINGS = NO;
				SWIFT_VERSION = 5.0;
				TARGETED_DEVICE_FAMILY = "1,2";
				TEST_TARGET_NAME = Amazona;
			};
			name = Release;
		};
/* End XCBuildConfiguration section */

/* Begin XCConfigurationList section */
		A0AFC2EC2B93E4E70004D0E0 /* Build configuration list for PBXProject "Amazona" */ = {
			isa = XCConfigurationList;
			buildConfigurations = (
				A0AFC3192B93E4E80004D0E0 /* Debug */,
				A0AFC31A2B93E4E80004D0E0 /* Release */,
			);
			defaultConfigurationIsVisible = 0;
			defaultConfigurationName = Release;
		};
		A0AFC31B2B93E4E80004D0E0 /* Build configuration list for PBXNativeTarget "Amazona" */ = {
			isa = XCConfigurationList;
			buildConfigurations = (
				A0AFC31C2B93E4E80004D0E0 /* Debug */,
				A0AFC31D2B93E4E80004D0E0 /* Release */,
			);
			defaultConfigurationIsVisible = 0;
			defaultConfigurationName = Release;
		};
		A0AFC31E2B93E4E80004D0E0 /* Build configuration list for PBXNativeTarget "AmazonaTests" */ = {
			isa = XCConfigurationList;
			buildConfigurations = (
				A0AFC31F2B93E4E80004D0E0 /* Debug */,
				A0AFC3202B93E4E80004D0E0 /* Release */,
			);
			defaultConfigurationIsVisible = 0;
			defaultConfigurationName = Release;
		};
		A0AFC3212B93E4E80004D0E0 /* Build configuration list for PBXNativeTarget "AmazonaUITests" */ = {
			isa = XCConfigurationList;
			buildConfigurations = (
				A0AFC3222B93E4E80004D0E0 /* Debug */,
				A0AFC3232B93E4E80004D0E0 /* Release */,
			);
			defaultConfigurationIsVisible = 0;
			defaultConfigurationName = Release;
		};
/* End XCConfigurationList section */
	};
	rootObject = A0AFC2E92B93E4E70004D0E0 /* Project object */;
}
